// !$*UTF8*$!
{
	archiveVersion = 1;
	classes = {
	};
	objectVersion = 46;
	objects = {

/* Begin PBXBuildFile section */
		8BD1F5A218D1168B00C76610 /* Foundation.framework in Frameworks */ = {isa = PBXBuildFile; fileRef = 8BD1F5A118D1168B00C76610 /* Foundation.framework */; };
		8BD1F5A418D1168B00C76610 /* CoreGraphics.framework in Frameworks */ = {isa = PBXBuildFile; fileRef = 8BD1F5A318D1168B00C76610 /* CoreGraphics.framework */; };
		8BD1F5A618D1168C00C76610 /* UIKit.framework in Frameworks */ = {isa = PBXBuildFile; fileRef = 8BD1F5A518D1168C00C76610 /* UIKit.framework */; };
		8BD1F5AC18D1168C00C76610 /* InfoPlist.strings in Resources */ = {isa = PBXBuildFile; fileRef = 8BD1F5AA18D1168C00C76610 /* InfoPlist.strings */; };
		8BD1F5AE18D1168C00C76610 /* main.m in Sources */ = {isa = PBXBuildFile; fileRef = 8BD1F5AD18D1168C00C76610 /* main.m */; };
		8BD1F5B218D1168C00C76610 /* ApiAppDelegate.m in Sources */ = {isa = PBXBuildFile; fileRef = 8BD1F5B118D1168C00C76610 /* ApiAppDelegate.m */; };
		8BD1F5B518D1168C00C76610 /* Main_iPhone.storyboard in Resources */ = {isa = PBXBuildFile; fileRef = 8BD1F5B318D1168C00C76610 /* Main_iPhone.storyboard */; };
		8BD1F5B818D1168C00C76610 /* Main_iPad.storyboard in Resources */ = {isa = PBXBuildFile; fileRef = 8BD1F5B618D1168C00C76610 /* Main_iPad.storyboard */; };
		8BD1F5BB18D1168C00C76610 /* ApiViewController.m in Sources */ = {isa = PBXBuildFile; fileRef = 8BD1F5BA18D1168C00C76610 /* ApiViewController.m */; };
		8BD1F5BD18D1168C00C76610 /* Images.xcassets in Resources */ = {isa = PBXBuildFile; fileRef = 8BD1F5BC18D1168C00C76610 /* Images.xcassets */; };
		8BD1F5C418D1168C00C76610 /* XCTest.framework in Frameworks */ = {isa = PBXBuildFile; fileRef = 8BD1F5C318D1168C00C76610 /* XCTest.framework */; };
		8BD1F5C518D1168C00C76610 /* Foundation.framework in Frameworks */ = {isa = PBXBuildFile; fileRef = 8BD1F5A118D1168B00C76610 /* Foundation.framework */; };
		8BD1F5C618D1168C00C76610 /* UIKit.framework in Frameworks */ = {isa = PBXBuildFile; fileRef = 8BD1F5A518D1168C00C76610 /* UIKit.framework */; };
		8BD1F5CE18D1168C00C76610 /* InfoPlist.strings in Resources */ = {isa = PBXBuildFile; fileRef = 8BD1F5CC18D1168C00C76610 /* InfoPlist.strings */; };
		8BD1F5D018D1168C00C76610 /* apiTests.m in Sources */ = {isa = PBXBuildFile; fileRef = 8BD1F5CF18D1168C00C76610 /* apiTests.m */; };
		8BD1F62F18D118AA00C76610 /* _toc.html in Resources */ = {isa = PBXBuildFile; fileRef = 8BD1F5DC18D118A900C76610 /* _toc.html */; };
		8BD1F63018D118AA00C76610 /* addons.html in Resources */ = {isa = PBXBuildFile; fileRef = 8BD1F5DD18D118A900C76610 /* addons.html */; };
		8BD1F63118D118AA00C76610 /* all.html in Resources */ = {isa = PBXBuildFile; fileRef = 8BD1F5DE18D118A900C76610 /* all.html */; };
		8BD1F63218D118AA00C76610 /* assert.html in Resources */ = {isa = PBXBuildFile; fileRef = 8BD1F5DF18D118A900C76610 /* assert.html */; };
		8BD1F63318D118AA00C76610 /* buffer.html in Resources */ = {isa = PBXBuildFile; fileRef = 8BD1F5E018D118A900C76610 /* buffer.html */; };
		8BD1F63418D118AA00C76610 /* child_process.html in Resources */ = {isa = PBXBuildFile; fileRef = 8BD1F5E118D118A900C76610 /* child_process.html */; };
		8BD1F63518D118AA00C76610 /* cluster.html in Resources */ = {isa = PBXBuildFile; fileRef = 8BD1F5E218D118A900C76610 /* cluster.html */; };
		8BD1F63618D118AA00C76610 /* console.html in Resources */ = {isa = PBXBuildFile; fileRef = 8BD1F5E318D118A900C76610 /* console.html */; };
		8BD1F63718D118AA00C76610 /* crypto.html in Resources */ = {isa = PBXBuildFile; fileRef = 8BD1F5E418D118A900C76610 /* crypto.html */; };
		8BD1F63818D118AA00C76610 /* debugger.html in Resources */ = {isa = PBXBuildFile; fileRef = 8BD1F5E518D118A900C76610 /* debugger.html */; };
		8BD1F63918D118AA00C76610 /* dgram.html in Resources */ = {isa = PBXBuildFile; fileRef = 8BD1F5E618D118A900C76610 /* dgram.html */; };
		8BD1F63A18D118AA00C76610 /* dns.html in Resources */ = {isa = PBXBuildFile; fileRef = 8BD1F5E718D118A900C76610 /* dns.html */; };
		8BD1F63B18D118AA00C76610 /* documentation.html in Resources */ = {isa = PBXBuildFile; fileRef = 8BD1F5E818D118A900C76610 /* documentation.html */; };
		8BD1F63C18D118AA00C76610 /* domain.html in Resources */ = {isa = PBXBuildFile; fileRef = 8BD1F5E918D118A900C76610 /* domain.html */; };
		8BD1F63D18D118AA00C76610 /* events.html in Resources */ = {isa = PBXBuildFile; fileRef = 8BD1F5EA18D118A900C76610 /* events.html */; };
		8BD1F63E18D118AA00C76610 /* fs.html in Resources */ = {isa = PBXBuildFile; fileRef = 8BD1F5EB18D118A900C76610 /* fs.html */; };
		8BD1F63F18D118AA00C76610 /* globals.html in Resources */ = {isa = PBXBuildFile; fileRef = 8BD1F5EC18D118A900C76610 /* globals.html */; };
		8BD1F64018D118AA00C76610 /* http.html in Resources */ = {isa = PBXBuildFile; fileRef = 8BD1F5ED18D118A900C76610 /* http.html */; };
		8BD1F64118D118AA00C76610 /* https.html in Resources */ = {isa = PBXBuildFile; fileRef = 8BD1F5EE18D118A900C76610 /* https.html */; };
		8BD1F64218D118AA00C76610 /* index.html in Resources */ = {isa = PBXBuildFile; fileRef = 8BD1F5EF18D118A900C76610 /* index.html */; };
		8BD1F64318D118AA00C76610 /* modules.html in Resources */ = {isa = PBXBuildFile; fileRef = 8BD1F5F018D118A900C76610 /* modules.html */; };
		8BD1F64418D118AA00C76610 /* net.html in Resources */ = {isa = PBXBuildFile; fileRef = 8BD1F5F118D118A900C76610 /* net.html */; };
		8BD1F64518D118AA00C76610 /* os.html in Resources */ = {isa = PBXBuildFile; fileRef = 8BD1F5F218D118A900C76610 /* os.html */; };
		8BD1F64618D118AA00C76610 /* path.html in Resources */ = {isa = PBXBuildFile; fileRef = 8BD1F5F318D118A900C76610 /* path.html */; };
		8BD1F64718D118AA00C76610 /* process.html in Resources */ = {isa = PBXBuildFile; fileRef = 8BD1F5F418D118A900C76610 /* process.html */; };
		8BD1F64818D118AA00C76610 /* punycode.html in Resources */ = {isa = PBXBuildFile; fileRef = 8BD1F5F518D118A900C76610 /* punycode.html */; };
		8BD1F64918D118AA00C76610 /* querystring.html in Resources */ = {isa = PBXBuildFile; fileRef = 8BD1F5F618D118A900C76610 /* querystring.html */; };
		8BD1F64A18D118AA00C76610 /* readline.html in Resources */ = {isa = PBXBuildFile; fileRef = 8BD1F5F718D118A900C76610 /* readline.html */; };
		8BD1F64B18D118AA00C76610 /* repl.html in Resources */ = {isa = PBXBuildFile; fileRef = 8BD1F5F818D118A900C76610 /* repl.html */; };
		8BD1F64C18D118AA00C76610 /* smalloc.html in Resources */ = {isa = PBXBuildFile; fileRef = 8BD1F5F918D118A900C76610 /* smalloc.html */; };
		8BD1F64D18D118AA00C76610 /* stream.html in Resources */ = {isa = PBXBuildFile; fileRef = 8BD1F5FA18D118A900C76610 /* stream.html */; };
		8BD1F64E18D118AA00C76610 /* string_decoder.html in Resources */ = {isa = PBXBuildFile; fileRef = 8BD1F5FB18D118A900C76610 /* string_decoder.html */; };
		8BD1F64F18D118AA00C76610 /* synopsis.html in Resources */ = {isa = PBXBuildFile; fileRef = 8BD1F5FC18D118A900C76610 /* synopsis.html */; };
		8BD1F65018D118AA00C76610 /* timers.html in Resources */ = {isa = PBXBuildFile; fileRef = 8BD1F5FD18D118A900C76610 /* timers.html */; };
		8BD1F65118D118AA00C76610 /* tls.html in Resources */ = {isa = PBXBuildFile; fileRef = 8BD1F5FE18D118AA00C76610 /* tls.html */; };
		8BD1F65218D118AA00C76610 /* tracing.html in Resources */ = {isa = PBXBuildFile; fileRef = 8BD1F5FF18D118AA00C76610 /* tracing.html */; };
		8BD1F65318D118AA00C76610 /* tty.html in Resources */ = {isa = PBXBuildFile; fileRef = 8BD1F60018D118AA00C76610 /* tty.html */; };
		8BD1F65418D118AA00C76610 /* url.html in Resources */ = {isa = PBXBuildFile; fileRef = 8BD1F60118D118AA00C76610 /* url.html */; };
		8BD1F65518D118AA00C76610 /* util.html in Resources */ = {isa = PBXBuildFile; fileRef = 8BD1F60218D118AA00C76610 /* util.html */; };
		8BD1F65618D118AA00C76610 /* vm.html in Resources */ = {isa = PBXBuildFile; fileRef = 8BD1F60318D118AA00C76610 /* vm.html */; };
		8BD1F65718D118AA00C76610 /* zlib.html in Resources */ = {isa = PBXBuildFile; fileRef = 8BD1F60418D118AA00C76610 /* zlib.html */; };
		8BD1F65818D118AA00C76610 /* _toc.markdown in Resources */ = {isa = PBXBuildFile; fileRef = 8BD1F60618D118AA00C76610 /* _toc.markdown */; };
		8BD1F65918D118AA00C76610 /* addons.markdown in Resources */ = {isa = PBXBuildFile; fileRef = 8BD1F60718D118AA00C76610 /* addons.markdown */; };
		8BD1F65A18D118AA00C76610 /* all.markdown in Resources */ = {isa = PBXBuildFile; fileRef = 8BD1F60818D118AA00C76610 /* all.markdown */; };
		8BD1F65B18D118AA00C76610 /* assert.markdown in Resources */ = {isa = PBXBuildFile; fileRef = 8BD1F60918D118AA00C76610 /* assert.markdown */; };
		8BD1F65C18D118AA00C76610 /* buffer.markdown in Resources */ = {isa = PBXBuildFile; fileRef = 8BD1F60A18D118AA00C76610 /* buffer.markdown */; };
		8BD1F65D18D118AA00C76610 /* child_process.markdown in Resources */ = {isa = PBXBuildFile; fileRef = 8BD1F60B18D118AA00C76610 /* child_process.markdown */; };
		8BD1F65E18D118AA00C76610 /* cluster.markdown in Resources */ = {isa = PBXBuildFile; fileRef = 8BD1F60C18D118AA00C76610 /* cluster.markdown */; };
		8BD1F65F18D118AA00C76610 /* console.markdown in Resources */ = {isa = PBXBuildFile; fileRef = 8BD1F60D18D118AA00C76610 /* console.markdown */; };
		8BD1F66018D118AA00C76610 /* crypto.markdown in Resources */ = {isa = PBXBuildFile; fileRef = 8BD1F60E18D118AA00C76610 /* crypto.markdown */; };
		8BD1F66118D118AA00C76610 /* debugger.markdown in Resources */ = {isa = PBXBuildFile; fileRef = 8BD1F60F18D118AA00C76610 /* debugger.markdown */; };
		8BD1F66218D118AA00C76610 /* dgram.markdown in Resources */ = {isa = PBXBuildFile; fileRef = 8BD1F61018D118AA00C76610 /* dgram.markdown */; };
		8BD1F66318D118AA00C76610 /* dns.markdown in Resources */ = {isa = PBXBuildFile; fileRef = 8BD1F61118D118AA00C76610 /* dns.markdown */; };
		8BD1F66418D118AA00C76610 /* documentation.markdown in Resources */ = {isa = PBXBuildFile; fileRef = 8BD1F61218D118AA00C76610 /* documentation.markdown */; };
		8BD1F66518D118AA00C76610 /* domain.markdown in Resources */ = {isa = PBXBuildFile; fileRef = 8BD1F61318D118AA00C76610 /* domain.markdown */; };
		8BD1F66618D118AA00C76610 /* events.markdown in Resources */ = {isa = PBXBuildFile; fileRef = 8BD1F61418D118AA00C76610 /* events.markdown */; };
		8BD1F66718D118AA00C76610 /* fs.markdown in Resources */ = {isa = PBXBuildFile; fileRef = 8BD1F61518D118AA00C76610 /* fs.markdown */; };
		8BD1F66818D118AA00C76610 /* globals.markdown in Resources */ = {isa = PBXBuildFile; fileRef = 8BD1F61618D118AA00C76610 /* globals.markdown */; };
		8BD1F66918D118AA00C76610 /* http.markdown in Resources */ = {isa = PBXBuildFile; fileRef = 8BD1F61718D118AA00C76610 /* http.markdown */; };
		8BD1F66A18D118AA00C76610 /* https.markdown in Resources */ = {isa = PBXBuildFile; fileRef = 8BD1F61818D118AA00C76610 /* https.markdown */; };
		8BD1F66B18D118AA00C76610 /* index.markdown in Resources */ = {isa = PBXBuildFile; fileRef = 8BD1F61918D118AA00C76610 /* index.markdown */; };
		8BD1F66C18D118AA00C76610 /* modules.markdown in Resources */ = {isa = PBXBuildFile; fileRef = 8BD1F61A18D118AA00C76610 /* modules.markdown */; };
		8BD1F66D18D118AA00C76610 /* net.markdown in Resources */ = {isa = PBXBuildFile; fileRef = 8BD1F61B18D118AA00C76610 /* net.markdown */; };
		8BD1F66E18D118AA00C76610 /* os.markdown in Resources */ = {isa = PBXBuildFile; fileRef = 8BD1F61C18D118AA00C76610 /* os.markdown */; };
		8BD1F66F18D118AA00C76610 /* path.markdown in Resources */ = {isa = PBXBuildFile; fileRef = 8BD1F61D18D118AA00C76610 /* path.markdown */; };
		8BD1F67018D118AA00C76610 /* process.markdown in Resources */ = {isa = PBXBuildFile; fileRef = 8BD1F61E18D118AA00C76610 /* process.markdown */; };
		8BD1F67118D118AA00C76610 /* punycode.markdown in Resources */ = {isa = PBXBuildFile; fileRef = 8BD1F61F18D118AA00C76610 /* punycode.markdown */; };
		8BD1F67218D118AA00C76610 /* querystring.markdown in Resources */ = {isa = PBXBuildFile; fileRef = 8BD1F62018D118AA00C76610 /* querystring.markdown */; };
		8BD1F67318D118AA00C76610 /* readline.markdown in Resources */ = {isa = PBXBuildFile; fileRef = 8BD1F62118D118AA00C76610 /* readline.markdown */; };
		8BD1F67418D118AA00C76610 /* repl.markdown in Resources */ = {isa = PBXBuildFile; fileRef = 8BD1F62218D118AA00C76610 /* repl.markdown */; };
		8BD1F67518D118AA00C76610 /* smalloc.markdown in Resources */ = {isa = PBXBuildFile; fileRef = 8BD1F62318D118AA00C76610 /* smalloc.markdown */; };
		8BD1F67618D118AA00C76610 /* stream.markdown in Resources */ = {isa = PBXBuildFile; fileRef = 8BD1F62418D118AA00C76610 /* stream.markdown */; };
		8BD1F67718D118AA00C76610 /* string_decoder.markdown in Resources */ = {isa = PBXBuildFile; fileRef = 8BD1F62518D118AA00C76610 /* string_decoder.markdown */; };
		8BD1F67818D118AA00C76610 /* synopsis.markdown in Resources */ = {isa = PBXBuildFile; fileRef = 8BD1F62618D118AA00C76610 /* synopsis.markdown */; };
		8BD1F67918D118AA00C76610 /* timers.markdown in Resources */ = {isa = PBXBuildFile; fileRef = 8BD1F62718D118AA00C76610 /* timers.markdown */; };
		8BD1F67A18D118AA00C76610 /* tls.markdown in Resources */ = {isa = PBXBuildFile; fileRef = 8BD1F62818D118AA00C76610 /* tls.markdown */; };
		8BD1F67B18D118AA00C76610 /* tracing.markdown in Resources */ = {isa = PBXBuildFile; fileRef = 8BD1F62918D118AA00C76610 /* tracing.markdown */; };
		8BD1F67C18D118AA00C76610 /* tty.markdown in Resources */ = {isa = PBXBuildFile; fileRef = 8BD1F62A18D118AA00C76610 /* tty.markdown */; };
		8BD1F67D18D118AA00C76610 /* url.markdown in Resources */ = {isa = PBXBuildFile; fileRef = 8BD1F62B18D118AA00C76610 /* url.markdown */; };
		8BD1F67E18D118AA00C76610 /* util.markdown in Resources */ = {isa = PBXBuildFile; fileRef = 8BD1F62C18D118AA00C76610 /* util.markdown */; };
		8BD1F67F18D118AA00C76610 /* vm.markdown in Resources */ = {isa = PBXBuildFile; fileRef = 8BD1F62D18D118AA00C76610 /* vm.markdown */; };
		8BD1F68018D118AA00C76610 /* zlib.markdown in Resources */ = {isa = PBXBuildFile; fileRef = 8BD1F62E18D118AA00C76610 /* zlib.markdown */; };
/* End PBXBuildFile section */

/* Begin PBXContainerItemProxy section */
		8BD1F5C718D1168C00C76610 /* PBXContainerItemProxy */ = {
			isa = PBXContainerItemProxy;
			containerPortal = 8BD1F59618D1168B00C76610 /* Project object */;
			proxyType = 1;
			remoteGlobalIDString = 8BD1F59D18D1168B00C76610;
			remoteInfo = api;
		};
/* End PBXContainerItemProxy section */

/* Begin PBXFileReference section */
		8BD1F59E18D1168B00C76610 /* api.app */ = {isa = PBXFileReference; explicitFileType = wrapper.application; includeInIndex = 0; path = api.app; sourceTree = BUILT_PRODUCTS_DIR; };
		8BD1F5A118D1168B00C76610 /* Foundation.framework */ = {isa = PBXFileReference; lastKnownFileType = wrapper.framework; name = Foundation.framework; path = System/Library/Frameworks/Foundation.framework; sourceTree = SDKROOT; };
		8BD1F5A318D1168B00C76610 /* CoreGraphics.framework */ = {isa = PBXFileReference; lastKnownFileType = wrapper.framework; name = CoreGraphics.framework; path = System/Library/Frameworks/CoreGraphics.framework; sourceTree = SDKROOT; };
		8BD1F5A518D1168C00C76610 /* UIKit.framework */ = {isa = PBXFileReference; lastKnownFileType = wrapper.framework; name = UIKit.framework; path = System/Library/Frameworks/UIKit.framework; sourceTree = SDKROOT; };
		8BD1F5A918D1168C00C76610 /* api-Info.plist */ = {isa = PBXFileReference; lastKnownFileType = text.plist.xml; path = "api-Info.plist"; sourceTree = "<group>"; };
		8BD1F5AB18D1168C00C76610 /* en */ = {isa = PBXFileReference; lastKnownFileType = text.plist.strings; name = en; path = en.lproj/InfoPlist.strings; sourceTree = "<group>"; };
		8BD1F5AD18D1168C00C76610 /* main.m */ = {isa = PBXFileReference; lastKnownFileType = sourcecode.c.objc; path = main.m; sourceTree = "<group>"; };
		8BD1F5AF18D1168C00C76610 /* api-Prefix.pch */ = {isa = PBXFileReference; lastKnownFileType = sourcecode.c.h; path = "api-Prefix.pch"; sourceTree = "<group>"; };
		8BD1F5B018D1168C00C76610 /* ApiAppDelegate.h */ = {isa = PBXFileReference; lastKnownFileType = sourcecode.c.h; path = ApiAppDelegate.h; sourceTree = "<group>"; };
		8BD1F5B118D1168C00C76610 /* ApiAppDelegate.m */ = {isa = PBXFileReference; lastKnownFileType = sourcecode.c.objc; path = ApiAppDelegate.m; sourceTree = "<group>"; };
		8BD1F5B418D1168C00C76610 /* Base */ = {isa = PBXFileReference; lastKnownFileType = file.storyboard; name = Base; path = Base.lproj/Main_iPhone.storyboard; sourceTree = "<group>"; };
		8BD1F5B718D1168C00C76610 /* Base */ = {isa = PBXFileReference; lastKnownFileType = file.storyboard; name = Base; path = Base.lproj/Main_iPad.storyboard; sourceTree = "<group>"; };
		8BD1F5B918D1168C00C76610 /* ApiViewController.h */ = {isa = PBXFileReference; lastKnownFileType = sourcecode.c.h; path = ApiViewController.h; sourceTree = "<group>"; };
		8BD1F5BA18D1168C00C76610 /* ApiViewController.m */ = {isa = PBXFileReference; lastKnownFileType = sourcecode.c.objc; path = ApiViewController.m; sourceTree = "<group>"; };
		8BD1F5BC18D1168C00C76610 /* Images.xcassets */ = {isa = PBXFileReference; lastKnownFileType = folder.assetcatalog; path = Images.xcassets; sourceTree = "<group>"; };
		8BD1F5C218D1168C00C76610 /* apiTests.xctest */ = {isa = PBXFileReference; explicitFileType = wrapper.cfbundle; includeInIndex = 0; path = apiTests.xctest; sourceTree = BUILT_PRODUCTS_DIR; };
		8BD1F5C318D1168C00C76610 /* XCTest.framework */ = {isa = PBXFileReference; lastKnownFileType = wrapper.framework; name = XCTest.framework; path = Library/Frameworks/XCTest.framework; sourceTree = DEVELOPER_DIR; };
		8BD1F5CB18D1168C00C76610 /* apiTests-Info.plist */ = {isa = PBXFileReference; lastKnownFileType = text.plist.xml; path = "apiTests-Info.plist"; sourceTree = "<group>"; };
		8BD1F5CD18D1168C00C76610 /* en */ = {isa = PBXFileReference; lastKnownFileType = text.plist.strings; name = en; path = en.lproj/InfoPlist.strings; sourceTree = "<group>"; };
		8BD1F5CF18D1168C00C76610 /* apiTests.m */ = {isa = PBXFileReference; lastKnownFileType = sourcecode.c.objc; path = apiTests.m; sourceTree = "<group>"; };
		8BD1F5DC18D118A900C76610 /* _toc.html */ = {isa = PBXFileReference; fileEncoding = 4; lastKnownFileType = text.html; path = _toc.html; sourceTree = "<group>"; };
		8BD1F5DD18D118A900C76610 /* addons.html */ = {isa = PBXFileReference; fileEncoding = 4; lastKnownFileType = text.html; path = addons.html; sourceTree = "<group>"; };
		8BD1F5DE18D118A900C76610 /* all.html */ = {isa = PBXFileReference; fileEncoding = 4; lastKnownFileType = text.html; path = all.html; sourceTree = "<group>"; };
		8BD1F5DF18D118A900C76610 /* assert.html */ = {isa = PBXFileReference; fileEncoding = 4; lastKnownFileType = text.html; path = assert.html; sourceTree = "<group>"; };
		8BD1F5E018D118A900C76610 /* buffer.html */ = {isa = PBXFileReference; fileEncoding = 4; lastKnownFileType = text.html; path = buffer.html; sourceTree = "<group>"; };
		8BD1F5E118D118A900C76610 /* child_process.html */ = {isa = PBXFileReference; fileEncoding = 4; lastKnownFileType = text.html; path = child_process.html; sourceTree = "<group>"; };
		8BD1F5E218D118A900C76610 /* cluster.html */ = {isa = PBXFileReference; fileEncoding = 4; lastKnownFileType = text.html; path = cluster.html; sourceTree = "<group>"; };
		8BD1F5E318D118A900C76610 /* console.html */ = {isa = PBXFileReference; fileEncoding = 4; lastKnownFileType = text.html; path = console.html; sourceTree = "<group>"; };
		8BD1F5E418D118A900C76610 /* crypto.html */ = {isa = PBXFileReference; fileEncoding = 4; lastKnownFileType = text.html; path = crypto.html; sourceTree = "<group>"; };
		8BD1F5E518D118A900C76610 /* debugger.html */ = {isa = PBXFileReference; fileEncoding = 4; lastKnownFileType = text.html; path = debugger.html; sourceTree = "<group>"; };
		8BD1F5E618D118A900C76610 /* dgram.html */ = {isa = PBXFileReference; fileEncoding = 4; lastKnownFileType = text.html; path = dgram.html; sourceTree = "<group>"; };
		8BD1F5E718D118A900C76610 /* dns.html */ = {isa = PBXFileReference; fileEncoding = 4; lastKnownFileType = text.html; path = dns.html; sourceTree = "<group>"; };
		8BD1F5E818D118A900C76610 /* documentation.html */ = {isa = PBXFileReference; fileEncoding = 4; lastKnownFileType = text.html; path = documentation.html; sourceTree = "<group>"; };
		8BD1F5E918D118A900C76610 /* domain.html */ = {isa = PBXFileReference; fileEncoding = 4; lastKnownFileType = text.html; path = domain.html; sourceTree = "<group>"; };
		8BD1F5EA18D118A900C76610 /* events.html */ = {isa = PBXFileReference; fileEncoding = 4; lastKnownFileType = text.html; path = events.html; sourceTree = "<group>"; };
		8BD1F5EB18D118A900C76610 /* fs.html */ = {isa = PBXFileReference; fileEncoding = 4; lastKnownFileType = text.html; path = fs.html; sourceTree = "<group>"; };
		8BD1F5EC18D118A900C76610 /* globals.html */ = {isa = PBXFileReference; fileEncoding = 4; lastKnownFileType = text.html; path = globals.html; sourceTree = "<group>"; };
		8BD1F5ED18D118A900C76610 /* http.html */ = {isa = PBXFileReference; fileEncoding = 4; lastKnownFileType = text.html; path = http.html; sourceTree = "<group>"; };
		8BD1F5EE18D118A900C76610 /* https.html */ = {isa = PBXFileReference; fileEncoding = 4; lastKnownFileType = text.html; path = https.html; sourceTree = "<group>"; };
		8BD1F5EF18D118A900C76610 /* index.html */ = {isa = PBXFileReference; fileEncoding = 4; lastKnownFileType = text.html; path = index.html; sourceTree = "<group>"; };
		8BD1F5F018D118A900C76610 /* modules.html */ = {isa = PBXFileReference; fileEncoding = 4; lastKnownFileType = text.html; path = modules.html; sourceTree = "<group>"; };
		8BD1F5F118D118A900C76610 /* net.html */ = {isa = PBXFileReference; fileEncoding = 4; lastKnownFileType = text.html; path = net.html; sourceTree = "<group>"; };
		8BD1F5F218D118A900C76610 /* os.html */ = {isa = PBXFileReference; fileEncoding = 4; lastKnownFileType = text.html; path = os.html; sourceTree = "<group>"; };
		8BD1F5F318D118A900C76610 /* path.html */ = {isa = PBXFileReference; fileEncoding = 4; lastKnownFileType = text.html; path = path.html; sourceTree = "<group>"; };
		8BD1F5F418D118A900C76610 /* process.html */ = {isa = PBXFileReference; fileEncoding = 4; lastKnownFileType = text.html; path = process.html; sourceTree = "<group>"; };
		8BD1F5F518D118A900C76610 /* punycode.html */ = {isa = PBXFileReference; fileEncoding = 4; lastKnownFileType = text.html; path = punycode.html; sourceTree = "<group>"; };
		8BD1F5F618D118A900C76610 /* querystring.html */ = {isa = PBXFileReference; fileEncoding = 4; lastKnownFileType = text.html; path = querystring.html; sourceTree = "<group>"; };
		8BD1F5F718D118A900C76610 /* readline.html */ = {isa = PBXFileReference; fileEncoding = 4; lastKnownFileType = text.html; path = readline.html; sourceTree = "<group>"; };
		8BD1F5F818D118A900C76610 /* repl.html */ = {isa = PBXFileReference; fileEncoding = 4; lastKnownFileType = text.html; path = repl.html; sourceTree = "<group>"; };
		8BD1F5F918D118A900C76610 /* smalloc.html */ = {isa = PBXFileReference; fileEncoding = 4; lastKnownFileType = text.html; path = smalloc.html; sourceTree = "<group>"; };
		8BD1F5FA18D118A900C76610 /* stream.html */ = {isa = PBXFileReference; fileEncoding = 4; lastKnownFileType = text.html; path = stream.html; sourceTree = "<group>"; };
		8BD1F5FB18D118A900C76610 /* string_decoder.html */ = {isa = PBXFileReference; fileEncoding = 4; lastKnownFileType = text.html; path = string_decoder.html; sourceTree = "<group>"; };
		8BD1F5FC18D118A900C76610 /* synopsis.html */ = {isa = PBXFileReference; fileEncoding = 4; lastKnownFileType = text.html; path = synopsis.html; sourceTree = "<group>"; };
		8BD1F5FD18D118A900C76610 /* timers.html */ = {isa = PBXFileReference; fileEncoding = 4; lastKnownFileType = text.html; path = timers.html; sourceTree = "<group>"; };
		8BD1F5FE18D118AA00C76610 /* tls.html */ = {isa = PBXFileReference; fileEncoding = 4; lastKnownFileType = text.html; path = tls.html; sourceTree = "<group>"; };
		8BD1F5FF18D118AA00C76610 /* tracing.html */ = {isa = PBXFileReference; fileEncoding = 4; lastKnownFileType = text.html; path = tracing.html; sourceTree = "<group>"; };
		8BD1F60018D118AA00C76610 /* tty.html */ = {isa = PBXFileReference; fileEncoding = 4; lastKnownFileType = text.html; path = tty.html; sourceTree = "<group>"; };
		8BD1F60118D118AA00C76610 /* url.html */ = {isa = PBXFileReference; fileEncoding = 4; lastKnownFileType = text.html; path = url.html; sourceTree = "<group>"; };
		8BD1F60218D118AA00C76610 /* util.html */ = {isa = PBXFileReference; fileEncoding = 4; lastKnownFileType = text.html; path = util.html; sourceTree = "<group>"; };
		8BD1F60318D118AA00C76610 /* vm.html */ = {isa = PBXFileReference; fileEncoding = 4; lastKnownFileType = text.html; path = vm.html; sourceTree = "<group>"; };
		8BD1F60418D118AA00C76610 /* zlib.html */ = {isa = PBXFileReference; fileEncoding = 4; lastKnownFileType = text.html; path = zlib.html; sourceTree = "<group>"; };
		8BD1F60618D118AA00C76610 /* _toc.markdown */ = {isa = PBXFileReference; fileEncoding = 4; lastKnownFileType = text; path = _toc.markdown; sourceTree = "<group>"; };
		8BD1F60718D118AA00C76610 /* addons.markdown */ = {isa = PBXFileReference; fileEncoding = 4; lastKnownFileType = text; path = addons.markdown; sourceTree = "<group>"; };
		8BD1F60818D118AA00C76610 /* all.markdown */ = {isa = PBXFileReference; fileEncoding = 4; lastKnownFileType = text; path = all.markdown; sourceTree = "<group>"; };
		8BD1F60918D118AA00C76610 /* assert.markdown */ = {isa = PBXFileReference; fileEncoding = 4; lastKnownFileType = text; path = assert.markdown; sourceTree = "<group>"; };
		8BD1F60A18D118AA00C76610 /* buffer.markdown */ = {isa = PBXFileReference; fileEncoding = 4; lastKnownFileType = text; path = buffer.markdown; sourceTree = "<group>"; };
		8BD1F60B18D118AA00C76610 /* child_process.markdown */ = {isa = PBXFileReference; fileEncoding = 4; lastKnownFileType = text; path = child_process.markdown; sourceTree = "<group>"; };
		8BD1F60C18D118AA00C76610 /* cluster.markdown */ = {isa = PBXFileReference; fileEncoding = 4; lastKnownFileType = text; path = cluster.markdown; sourceTree = "<group>"; };
		8BD1F60D18D118AA00C76610 /* console.markdown */ = {isa = PBXFileReference; fileEncoding = 4; lastKnownFileType = text; path = console.markdown; sourceTree = "<group>"; };
		8BD1F60E18D118AA00C76610 /* crypto.markdown */ = {isa = PBXFileReference; fileEncoding = 4; lastKnownFileType = text; path = crypto.markdown; sourceTree = "<group>"; };
		8BD1F60F18D118AA00C76610 /* debugger.markdown */ = {isa = PBXFileReference; fileEncoding = 4; lastKnownFileType = text; path = debugger.markdown; sourceTree = "<group>"; };
		8BD1F61018D118AA00C76610 /* dgram.markdown */ = {isa = PBXFileReference; fileEncoding = 4; lastKnownFileType = text; path = dgram.markdown; sourceTree = "<group>"; };
		8BD1F61118D118AA00C76610 /* dns.markdown */ = {isa = PBXFileReference; fileEncoding = 4; lastKnownFileType = text; path = dns.markdown; sourceTree = "<group>"; };
		8BD1F61218D118AA00C76610 /* documentation.markdown */ = {isa = PBXFileReference; fileEncoding = 4; lastKnownFileType = text; path = documentation.markdown; sourceTree = "<group>"; };
		8BD1F61318D118AA00C76610 /* domain.markdown */ = {isa = PBXFileReference; fileEncoding = 4; lastKnownFileType = text; path = domain.markdown; sourceTree = "<group>"; };
		8BD1F61418D118AA00C76610 /* events.markdown */ = {isa = PBXFileReference; fileEncoding = 4; lastKnownFileType = text; path = events.markdown; sourceTree = "<group>"; };
		8BD1F61518D118AA00C76610 /* fs.markdown */ = {isa = PBXFileReference; fileEncoding = 4; lastKnownFileType = text; path = fs.markdown; sourceTree = "<group>"; };
		8BD1F61618D118AA00C76610 /* globals.markdown */ = {isa = PBXFileReference; fileEncoding = 4; lastKnownFileType = text; path = globals.markdown; sourceTree = "<group>"; };
		8BD1F61718D118AA00C76610 /* http.markdown */ = {isa = PBXFileReference; fileEncoding = 4; lastKnownFileType = text; path = http.markdown; sourceTree = "<group>"; };
		8BD1F61818D118AA00C76610 /* https.markdown */ = {isa = PBXFileReference; fileEncoding = 4; lastKnownFileType = text; path = https.markdown; sourceTree = "<group>"; };
		8BD1F61918D118AA00C76610 /* index.markdown */ = {isa = PBXFileReference; fileEncoding = 4; lastKnownFileType = text; path = index.markdown; sourceTree = "<group>"; };
		8BD1F61A18D118AA00C76610 /* modules.markdown */ = {isa = PBXFileReference; fileEncoding = 4; lastKnownFileType = text; path = modules.markdown; sourceTree = "<group>"; };
		8BD1F61B18D118AA00C76610 /* net.markdown */ = {isa = PBXFileReference; fileEncoding = 4; lastKnownFileType = text; path = net.markdown; sourceTree = "<group>"; };
		8BD1F61C18D118AA00C76610 /* os.markdown */ = {isa = PBXFileReference; fileEncoding = 4; lastKnownFileType = text; path = os.markdown; sourceTree = "<group>"; };
		8BD1F61D18D118AA00C76610 /* path.markdown */ = {isa = PBXFileReference; fileEncoding = 4; lastKnownFileType = text; path = path.markdown; sourceTree = "<group>"; };
		8BD1F61E18D118AA00C76610 /* process.markdown */ = {isa = PBXFileReference; fileEncoding = 4; lastKnownFileType = text; path = process.markdown; sourceTree = "<group>"; };
		8BD1F61F18D118AA00C76610 /* punycode.markdown */ = {isa = PBXFileReference; fileEncoding = 4; lastKnownFileType = text; path = punycode.markdown; sourceTree = "<group>"; };
		8BD1F62018D118AA00C76610 /* querystring.markdown */ = {isa = PBXFileReference; fileEncoding = 4; lastKnownFileType = text; path = querystring.markdown; sourceTree = "<group>"; };
		8BD1F62118D118AA00C76610 /* readline.markdown */ = {isa = PBXFileReference; fileEncoding = 4; lastKnownFileType = text; path = readline.markdown; sourceTree = "<group>"; };
		8BD1F62218D118AA00C76610 /* repl.markdown */ = {isa = PBXFileReference; fileEncoding = 4; lastKnownFileType = text; path = repl.markdown; sourceTree = "<group>"; };
		8BD1F62318D118AA00C76610 /* smalloc.markdown */ = {isa = PBXFileReference; fileEncoding = 4; lastKnownFileType = text; path = smalloc.markdown; sourceTree = "<group>"; };
		8BD1F62418D118AA00C76610 /* stream.markdown */ = {isa = PBXFileReference; fileEncoding = 4; lastKnownFileType = text; path = stream.markdown; sourceTree = "<group>"; };
		8BD1F62518D118AA00C76610 /* string_decoder.markdown */ = {isa = PBXFileReference; fileEncoding = 4; lastKnownFileType = text; path = string_decoder.markdown; sourceTree = "<group>"; };
		8BD1F62618D118AA00C76610 /* synopsis.markdown */ = {isa = PBXFileReference; fileEncoding = 4; lastKnownFileType = text; path = synopsis.markdown; sourceTree = "<group>"; };
		8BD1F62718D118AA00C76610 /* timers.markdown */ = {isa = PBXFileReference; fileEncoding = 4; lastKnownFileType = text; path = timers.markdown; sourceTree = "<group>"; };
		8BD1F62818D118AA00C76610 /* tls.markdown */ = {isa = PBXFileReference; fileEncoding = 4; lastKnownFileType = text; path = tls.markdown; sourceTree = "<group>"; };
		8BD1F62918D118AA00C76610 /* tracing.markdown */ = {isa = PBXFileReference; fileEncoding = 4; lastKnownFileType = text; path = tracing.markdown; sourceTree = "<group>"; };
		8BD1F62A18D118AA00C76610 /* tty.markdown */ = {isa = PBXFileReference; fileEncoding = 4; lastKnownFileType = text; path = tty.markdown; sourceTree = "<group>"; };
		8BD1F62B18D118AA00C76610 /* url.markdown */ = {isa = PBXFileReference; fileEncoding = 4; lastKnownFileType = text; path = url.markdown; sourceTree = "<group>"; };
		8BD1F62C18D118AA00C76610 /* util.markdown */ = {isa = PBXFileReference; fileEncoding = 4; lastKnownFileType = text; path = util.markdown; sourceTree = "<group>"; };
		8BD1F62D18D118AA00C76610 /* vm.markdown */ = {isa = PBXFileReference; fileEncoding = 4; lastKnownFileType = text; path = vm.markdown; sourceTree = "<group>"; };
		8BD1F62E18D118AA00C76610 /* zlib.markdown */ = {isa = PBXFileReference; fileEncoding = 4; lastKnownFileType = text; path = zlib.markdown; sourceTree = "<group>"; };
/* End PBXFileReference section */

/* Begin PBXFrameworksBuildPhase section */
		8BD1F59B18D1168B00C76610 /* Frameworks */ = {
			isa = PBXFrameworksBuildPhase;
			buildActionMask = 2147483647;
			files = (
				8BD1F5A418D1168B00C76610 /* CoreGraphics.framework in Frameworks */,
				8BD1F5A618D1168C00C76610 /* UIKit.framework in Frameworks */,
				8BD1F5A218D1168B00C76610 /* Foundation.framework in Frameworks */,
			);
			runOnlyForDeploymentPostprocessing = 0;
		};
		8BD1F5BF18D1168C00C76610 /* Frameworks */ = {
			isa = PBXFrameworksBuildPhase;
			buildActionMask = 2147483647;
			files = (
				8BD1F5C418D1168C00C76610 /* XCTest.framework in Frameworks */,
				8BD1F5C618D1168C00C76610 /* UIKit.framework in Frameworks */,
				8BD1F5C518D1168C00C76610 /* Foundation.framework in Frameworks */,
			);
			runOnlyForDeploymentPostprocessing = 0;
		};
/* End PBXFrameworksBuildPhase section */

/* Begin PBXGroup section */
		8BD1F59518D1168B00C76610 = {
			isa = PBXGroup;
			children = (
				8BD1F5A718D1168C00C76610 /* api */,
				8BD1F5C918D1168C00C76610 /* apiTests */,
				8BD1F5A018D1168B00C76610 /* Frameworks */,
				8BD1F59F18D1168B00C76610 /* Products */,
			);
			sourceTree = "<group>";
		};
		8BD1F59F18D1168B00C76610 /* Products */ = {
			isa = PBXGroup;
			children = (
				8BD1F59E18D1168B00C76610 /* api.app */,
				8BD1F5C218D1168C00C76610 /* apiTests.xctest */,
			);
			name = Products;
			sourceTree = "<group>";
		};
		8BD1F5A018D1168B00C76610 /* Frameworks */ = {
			isa = PBXGroup;
			children = (
				8BD1F5A118D1168B00C76610 /* Foundation.framework */,
				8BD1F5A318D1168B00C76610 /* CoreGraphics.framework */,
				8BD1F5A518D1168C00C76610 /* UIKit.framework */,
				8BD1F5C318D1168C00C76610 /* XCTest.framework */,
			);
			name = Frameworks;
			sourceTree = "<group>";
		};
		8BD1F5A718D1168C00C76610 /* api */ = {
			isa = PBXGroup;
			children = (
				8BD1F5D918D118A900C76610 /* i18n */,
				8BD1F5B018D1168C00C76610 /* ApiAppDelegate.h */,
				8BD1F5B118D1168C00C76610 /* ApiAppDelegate.m */,
				8BD1F5B318D1168C00C76610 /* Main_iPhone.storyboard */,
				8BD1F5B618D1168C00C76610 /* Main_iPad.storyboard */,
				8BD1F5B918D1168C00C76610 /* ApiViewController.h */,
				8BD1F5BA18D1168C00C76610 /* ApiViewController.m */,
				8BD1F5BC18D1168C00C76610 /* Images.xcassets */,
				8BD1F5A818D1168C00C76610 /* Supporting Files */,
			);
			path = api;
			sourceTree = "<group>";
		};
		8BD1F5A818D1168C00C76610 /* Supporting Files */ = {
			isa = PBXGroup;
			children = (
				8BD1F5A918D1168C00C76610 /* api-Info.plist */,
				8BD1F5AA18D1168C00C76610 /* InfoPlist.strings */,
				8BD1F5AD18D1168C00C76610 /* main.m */,
				8BD1F5AF18D1168C00C76610 /* api-Prefix.pch */,
			);
			name = "Supporting Files";
			sourceTree = "<group>";
		};
		8BD1F5C918D1168C00C76610 /* apiTests */ = {
			isa = PBXGroup;
			children = (
				8BD1F5CF18D1168C00C76610 /* apiTests.m */,
				8BD1F5CA18D1168C00C76610 /* Supporting Files */,
			);
			path = apiTests;
			sourceTree = "<group>";
		};
		8BD1F5CA18D1168C00C76610 /* Supporting Files */ = {
			isa = PBXGroup;
			children = (
				8BD1F5CB18D1168C00C76610 /* apiTests-Info.plist */,
				8BD1F5CC18D1168C00C76610 /* InfoPlist.strings */,
			);
			name = "Supporting Files";
			sourceTree = "<group>";
		};
		8BD1F5D918D118A900C76610 /* i18n */ = {
			isa = PBXGroup;
			children = (
				8BD1F5DA18D118A900C76610 /* en */,
			);
			name = i18n;
			path = "../../../node-api-responsive/i18n";
			sourceTree = "<group>";
		};
		8BD1F5DA18D118A900C76610 /* en */ = {
			isa = PBXGroup;
			children = (
				8BD1F5DB18D118A900C76610 /* html */,
				8BD1F60518D118AA00C76610 /* md */,
			);
			path = en;
			sourceTree = "<group>";
		};
		8BD1F5DB18D118A900C76610 /* html */ = {
			isa = PBXGroup;
			children = (
				8BD1F5DC18D118A900C76610 /* _toc.html */,
				8BD1F5DD18D118A900C76610 /* addons.html */,
				8BD1F5DE18D118A900C76610 /* all.html */,
				8BD1F5DF18D118A900C76610 /* assert.html */,
				8BD1F5E018D118A900C76610 /* buffer.html */,
				8BD1F5E118D118A900C76610 /* child_process.html */,
				8BD1F5E218D118A900C76610 /* cluster.html */,
				8BD1F5E318D118A900C76610 /* console.html */,
				8BD1F5E418D118A900C76610 /* crypto.html */,
				8BD1F5E518D118A900C76610 /* debugger.html */,
				8BD1F5E618D118A900C76610 /* dgram.html */,
				8BD1F5E718D118A900C76610 /* dns.html */,
				8BD1F5E818D118A900C76610 /* documentation.html */,
				8BD1F5E918D118A900C76610 /* domain.html */,
				8BD1F5EA18D118A900C76610 /* events.html */,
				8BD1F5EB18D118A900C76610 /* fs.html */,
				8BD1F5EC18D118A900C76610 /* globals.html */,
				8BD1F5ED18D118A900C76610 /* http.html */,
				8BD1F5EE18D118A900C76610 /* https.html */,
				8BD1F5EF18D118A900C76610 /* index.html */,
				8BD1F5F018D118A900C76610 /* modules.html */,
				8BD1F5F118D118A900C76610 /* net.html */,
				8BD1F5F218D118A900C76610 /* os.html */,
				8BD1F5F318D118A900C76610 /* path.html */,
				8BD1F5F418D118A900C76610 /* process.html */,
				8BD1F5F518D118A900C76610 /* punycode.html */,
				8BD1F5F618D118A900C76610 /* querystring.html */,
				8BD1F5F718D118A900C76610 /* readline.html */,
				8BD1F5F818D118A900C76610 /* repl.html */,
				8BD1F5F918D118A900C76610 /* smalloc.html */,
				8BD1F5FA18D118A900C76610 /* stream.html */,
				8BD1F5FB18D118A900C76610 /* string_decoder.html */,
				8BD1F5FC18D118A900C76610 /* synopsis.html */,
				8BD1F5FD18D118A900C76610 /* timers.html */,
				8BD1F5FE18D118AA00C76610 /* tls.html */,
				8BD1F5FF18D118AA00C76610 /* tracing.html */,
				8BD1F60018D118AA00C76610 /* tty.html */,
				8BD1F60118D118AA00C76610 /* url.html */,
				8BD1F60218D118AA00C76610 /* util.html */,
				8BD1F60318D118AA00C76610 /* vm.html */,
				8BD1F60418D118AA00C76610 /* zlib.html */,
			);
			path = html;
			sourceTree = "<group>";
		};
		8BD1F60518D118AA00C76610 /* md */ = {
			isa = PBXGroup;
			children = (
				8BD1F60618D118AA00C76610 /* _toc.markdown */,
				8BD1F60718D118AA00C76610 /* addons.markdown */,
				8BD1F60818D118AA00C76610 /* all.markdown */,
				8BD1F60918D118AA00C76610 /* assert.markdown */,
				8BD1F60A18D118AA00C76610 /* buffer.markdown */,
				8BD1F60B18D118AA00C76610 /* child_process.markdown */,
				8BD1F60C18D118AA00C76610 /* cluster.markdown */,
				8BD1F60D18D118AA00C76610 /* console.markdown */,
				8BD1F60E18D118AA00C76610 /* crypto.markdown */,
				8BD1F60F18D118AA00C76610 /* debugger.markdown */,
				8BD1F61018D118AA00C76610 /* dgram.markdown */,
				8BD1F61118D118AA00C76610 /* dns.markdown */,
				8BD1F61218D118AA00C76610 /* documentation.markdown */,
				8BD1F61318D118AA00C76610 /* domain.markdown */,
				8BD1F61418D118AA00C76610 /* events.markdown */,
				8BD1F61518D118AA00C76610 /* fs.markdown */,
				8BD1F61618D118AA00C76610 /* globals.markdown */,
				8BD1F61718D118AA00C76610 /* http.markdown */,
				8BD1F61818D118AA00C76610 /* https.markdown */,
				8BD1F61918D118AA00C76610 /* index.markdown */,
				8BD1F61A18D118AA00C76610 /* modules.markdown */,
				8BD1F61B18D118AA00C76610 /* net.markdown */,
				8BD1F61C18D118AA00C76610 /* os.markdown */,
				8BD1F61D18D118AA00C76610 /* path.markdown */,
				8BD1F61E18D118AA00C76610 /* process.markdown */,
				8BD1F61F18D118AA00C76610 /* punycode.markdown */,
				8BD1F62018D118AA00C76610 /* querystring.markdown */,
				8BD1F62118D118AA00C76610 /* readline.markdown */,
				8BD1F62218D118AA00C76610 /* repl.markdown */,
				8BD1F62318D118AA00C76610 /* smalloc.markdown */,
				8BD1F62418D118AA00C76610 /* stream.markdown */,
				8BD1F62518D118AA00C76610 /* string_decoder.markdown */,
				8BD1F62618D118AA00C76610 /* synopsis.markdown */,
				8BD1F62718D118AA00C76610 /* timers.markdown */,
				8BD1F62818D118AA00C76610 /* tls.markdown */,
				8BD1F62918D118AA00C76610 /* tracing.markdown */,
				8BD1F62A18D118AA00C76610 /* tty.markdown */,
				8BD1F62B18D118AA00C76610 /* url.markdown */,
				8BD1F62C18D118AA00C76610 /* util.markdown */,
				8BD1F62D18D118AA00C76610 /* vm.markdown */,
				8BD1F62E18D118AA00C76610 /* zlib.markdown */,
			);
			path = md;
			sourceTree = "<group>";
		};
/* End PBXGroup section */

/* Begin PBXNativeTarget section */
		8BD1F59D18D1168B00C76610 /* api */ = {
			isa = PBXNativeTarget;
			buildConfigurationList = 8BD1F5D318D1168C00C76610 /* Build configuration list for PBXNativeTarget "api" */;
			buildPhases = (
				8BD1F59A18D1168B00C76610 /* Sources */,
				8BD1F59B18D1168B00C76610 /* Frameworks */,
				8BD1F59C18D1168B00C76610 /* Resources */,
			);
			buildRules = (
			);
			dependencies = (
			);
			name = api;
			productName = api;
			productReference = 8BD1F59E18D1168B00C76610 /* api.app */;
			productType = "com.apple.product-type.application";
		};
		8BD1F5C118D1168C00C76610 /* apiTests */ = {
			isa = PBXNativeTarget;
			buildConfigurationList = 8BD1F5D618D1168C00C76610 /* Build configuration list for PBXNativeTarget "apiTests" */;
			buildPhases = (
				8BD1F5BE18D1168C00C76610 /* Sources */,
				8BD1F5BF18D1168C00C76610 /* Frameworks */,
				8BD1F5C018D1168C00C76610 /* Resources */,
			);
			buildRules = (
			);
			dependencies = (
				8BD1F5C818D1168C00C76610 /* PBXTargetDependency */,
			);
			name = apiTests;
			productName = apiTests;
			productReference = 8BD1F5C218D1168C00C76610 /* apiTests.xctest */;
			productType = "com.apple.product-type.bundle.unit-test";
		};
/* End PBXNativeTarget section */

/* Begin PBXProject section */
		8BD1F59618D1168B00C76610 /* Project object */ = {
			isa = PBXProject;
			attributes = {
				CLASSPREFIX = Api;
				LastUpgradeCheck = 0500;
				ORGANIZATIONNAME = "McNally Developers";
				TargetAttributes = {
					8BD1F5C118D1168C00C76610 = {
						TestTargetID = 8BD1F59D18D1168B00C76610;
					};
				};
			};
			buildConfigurationList = 8BD1F59918D1168B00C76610 /* Build configuration list for PBXProject "api" */;
			compatibilityVersion = "Xcode 3.2";
			developmentRegion = English;
			hasScannedForEncodings = 0;
			knownRegions = (
				en,
				Base,
			);
			mainGroup = 8BD1F59518D1168B00C76610;
			productRefGroup = 8BD1F59F18D1168B00C76610 /* Products */;
			projectDirPath = "";
			projectRoot = "";
			targets = (
				8BD1F59D18D1168B00C76610 /* api */,
				8BD1F5C118D1168C00C76610 /* apiTests */,
			);
		};
/* End PBXProject section */

/* Begin PBXResourcesBuildPhase section */
		8BD1F59C18D1168B00C76610 /* Resources */ = {
			isa = PBXResourcesBuildPhase;
			buildActionMask = 2147483647;
			files = (
				8BD1F67A18D118AA00C76610 /* tls.markdown in Resources */,
				8BD1F63B18D118AA00C76610 /* documentation.html in Resources */,
				8BD1F67418D118AA00C76610 /* repl.markdown in Resources */,
				8BD1F67818D118AA00C76610 /* synopsis.markdown in Resources */,
				8BD1F66D18D118AA00C76610 /* net.markdown in Resources */,
				8BD1F67218D118AA00C76610 /* querystring.markdown in Resources */,
				8BD1F66F18D118AA00C76610 /* path.markdown in Resources */,
				8BD1F67F18D118AA00C76610 /* vm.markdown in Resources */,
				8BD1F63A18D118AA00C76610 /* dns.html in Resources */,
				8BD1F67318D118AA00C76610 /* readline.markdown in Resources */,
				8BD1F63918D118AA00C76610 /* dgram.html in Resources */,
				8BD1F66B18D118AA00C76610 /* index.markdown in Resources */,
				8BD1F64818D118AA00C76610 /* punycode.html in Resources */,
				8BD1F63318D118AA00C76610 /* buffer.html in Resources */,
				8BD1F63818D118AA00C76610 /* debugger.html in Resources */,
				8BD1F65B18D118AA00C76610 /* assert.markdown in Resources */,
				8BD1F64618D118AA00C76610 /* path.html in Resources */,
				8BD1F66E18D118AA00C76610 /* os.markdown in Resources */,
				8BD1F67518D118AA00C76610 /* smalloc.markdown in Resources */,
				8BD1F65218D118AA00C76610 /* tracing.html in Resources */,
				8BD1F66818D118AA00C76610 /* globals.markdown in Resources */,
				8BD1F67018D118AA00C76610 /* process.markdown in Resources */,
				8BD1F66318D118AA00C76610 /* dns.markdown in Resources */,
				8BD1F66718D118AA00C76610 /* fs.markdown in Resources */,
				8BD1F64B18D118AA00C76610 /* repl.html in Resources */,
				8BD1F67C18D118AA00C76610 /* tty.markdown in Resources */,
				8BD1F64C18D118AA00C76610 /* smalloc.html in Resources */,
				8BD1F65318D118AA00C76610 /* tty.html in Resources */,
				8BD1F63218D118AA00C76610 /* assert.html in Resources */,
				8BD1F64E18D118AA00C76610 /* string_decoder.html in Resources */,
				8BD1F67D18D118AA00C76610 /* url.markdown in Resources */,
				8BD1F63C18D118AA00C76610 /* domain.html in Resources */,
				8BD1F66A18D118AA00C76610 /* https.markdown in Resources */,
				8BD1F62F18D118AA00C76610 /* _toc.html in Resources */,
				8BD1F65C18D118AA00C76610 /* buffer.markdown in Resources */,
				8BD1F65818D118AA00C76610 /* _toc.markdown in Resources */,
				8BD1F65D18D118AA00C76610 /* child_process.markdown in Resources */,
				8BD1F67118D118AA00C76610 /* punycode.markdown in Resources */,
				8BD1F64718D118AA00C76610 /* process.html in Resources */,
				8BD1F64018D118AA00C76610 /* http.html in Resources */,
				8BD1F63118D118AA00C76610 /* all.html in Resources */,
				8BD1F65018D118AA00C76610 /* timers.html in Resources */,
				8BD1F64118D118AA00C76610 /* https.html in Resources */,
				8BD1F63018D118AA00C76610 /* addons.html in Resources */,
				8BD1F67718D118AA00C76610 /* string_decoder.markdown in Resources */,
				8BD1F67E18D118AA00C76610 /* util.markdown in Resources */,
				8BD1F63418D118AA00C76610 /* child_process.html in Resources */,
				8BD1F63518D118AA00C76610 /* cluster.html in Resources */,
				8BD1F65518D118AA00C76610 /* util.html in Resources */,
				8BD1F63D18D118AA00C76610 /* events.html in Resources */,
				8BD1F65618D118AA00C76610 /* vm.html in Resources */,
				8BD1F63F18D118AA00C76610 /* globals.html in Resources */,
				8BD1F5B818D1168C00C76610 /* Main_iPad.storyboard in Resources */,
				8BD1F66618D118AA00C76610 /* events.markdown in Resources */,
				8BD1F64F18D118AA00C76610 /* synopsis.html in Resources */,
				8BD1F64A18D118AA00C76610 /* readline.html in Resources */,
				8BD1F66118D118AA00C76610 /* debugger.markdown in Resources */,
				8BD1F5BD18D1168C00C76610 /* Images.xcassets in Resources */,
				8BD1F5B518D1168C00C76610 /* Main_iPhone.storyboard in Resources */,
				8BD1F67618D118AA00C76610 /* stream.markdown in Resources */,
				8BD1F64318D118AA00C76610 /* modules.html in Resources */,
				8BD1F68018D118AA00C76610 /* zlib.markdown in Resources */,
				8BD1F67B18D118AA00C76610 /* tracing.markdown in Resources */,
				8BD1F63618D118AA00C76610 /* console.html in Resources */,
				8BD1F66518D118AA00C76610 /* domain.markdown in Resources */,
				8BD1F65718D118AA00C76610 /* zlib.html in Resources */,
				8BD1F67918D118AA00C76610 /* timers.markdown in Resources */,
				8BD1F65E18D118AA00C76610 /* cluster.markdown in Resources */,
				8BD1F64D18D118AA00C76610 /* stream.html in Resources */,
				8BD1F66218D118AA00C76610 /* dgram.markdown in Resources */,
				8BD1F66918D118AA00C76610 /* http.markdown in Resources */,
				8BD1F65918D118AA00C76610 /* addons.markdown in Resources */,
				8BD1F65A18D118AA00C76610 /* all.markdown in Resources */,
				8BD1F63718D118AA00C76610 /* crypto.html in Resources */,
				8BD1F64218D118AA00C76610 /* index.html in Resources */,
				8BD1F5AC18D1168C00C76610 /* InfoPlist.strings in Resources */,
				8BD1F64918D118AA00C76610 /* querystring.html in Resources */,
				8BD1F64518D118AA00C76610 /* os.html in Resources */,
				8BD1F66C18D118AA00C76610 /* modules.markdown in Resources */,
				8BD1F65418D118AA00C76610 /* url.html in Resources */,
				8BD1F66018D118AA00C76610 /* crypto.markdown in Resources */,
				8BD1F64418D118AA00C76610 /* net.html in Resources */,
				8BD1F63E18D118AA00C76610 /* fs.html in Resources */,
				8BD1F66418D118AA00C76610 /* documentation.markdown in Resources */,
				8BD1F65F18D118AA00C76610 /* console.markdown in Resources */,
				8BD1F65118D118AA00C76610 /* tls.html in Resources */,
			);
			runOnlyForDeploymentPostprocessing = 0;
		};
		8BD1F5C018D1168C00C76610 /* Resources */ = {
			isa = PBXResourcesBuildPhase;
			buildActionMask = 2147483647;
			files = (
				8BD1F5CE18D1168C00C76610 /* InfoPlist.strings in Resources */,
			);
			runOnlyForDeploymentPostprocessing = 0;
		};
/* End PBXResourcesBuildPhase section */

/* Begin PBXSourcesBuildPhase section */
		8BD1F59A18D1168B00C76610 /* Sources */ = {
			isa = PBXSourcesBuildPhase;
			buildActionMask = 2147483647;
			files = (
				8BD1F5AE18D1168C00C76610 /* main.m in Sources */,
				8BD1F5B218D1168C00C76610 /* ApiAppDelegate.m in Sources */,
				8BD1F5BB18D1168C00C76610 /* ApiViewController.m in Sources */,
			);
			runOnlyForDeploymentPostprocessing = 0;
		};
		8BD1F5BE18D1168C00C76610 /* Sources */ = {
			isa = PBXSourcesBuildPhase;
			buildActionMask = 2147483647;
			files = (
				8BD1F5D018D1168C00C76610 /* apiTests.m in Sources */,
			);
			runOnlyForDeploymentPostprocessing = 0;
		};
/* End PBXSourcesBuildPhase section */

/* Begin PBXTargetDependency section */
		8BD1F5C818D1168C00C76610 /* PBXTargetDependency */ = {
			isa = PBXTargetDependency;
			target = 8BD1F59D18D1168B00C76610 /* api */;
			targetProxy = 8BD1F5C718D1168C00C76610 /* PBXContainerItemProxy */;
		};
/* End PBXTargetDependency section */

/* Begin PBXVariantGroup section */
		8BD1F5AA18D1168C00C76610 /* InfoPlist.strings */ = {
			isa = PBXVariantGroup;
			children = (
				8BD1F5AB18D1168C00C76610 /* en */,
			);
			name = InfoPlist.strings;
			sourceTree = "<group>";
		};
		8BD1F5B318D1168C00C76610 /* Main_iPhone.storyboard */ = {
			isa = PBXVariantGroup;
			children = (
				8BD1F5B418D1168C00C76610 /* Base */,
			);
			name = Main_iPhone.storyboard;
			sourceTree = "<group>";
		};
		8BD1F5B618D1168C00C76610 /* Main_iPad.storyboard */ = {
			isa = PBXVariantGroup;
			children = (
				8BD1F5B718D1168C00C76610 /* Base */,
			);
			name = Main_iPad.storyboard;
			sourceTree = "<group>";
		};
		8BD1F5CC18D1168C00C76610 /* InfoPlist.strings */ = {
			isa = PBXVariantGroup;
			children = (
				8BD1F5CD18D1168C00C76610 /* en */,
			);
			name = InfoPlist.strings;
			sourceTree = "<group>";
		};
/* End PBXVariantGroup section */

/* Begin XCBuildConfiguration section */
		8BD1F5D118D1168C00C76610 /* Debug */ = {
			isa = XCBuildConfiguration;
			buildSettings = {
				ALWAYS_SEARCH_USER_PATHS = NO;
				ARCHS = "$(ARCHS_STANDARD_INCLUDING_64_BIT)";
				CLANG_CXX_LANGUAGE_STANDARD = "gnu++0x";
				CLANG_CXX_LIBRARY = "libc++";
				CLANG_ENABLE_MODULES = YES;
				CLANG_ENABLE_OBJC_ARC = YES;
				CLANG_WARN_BOOL_CONVERSION = YES;
				CLANG_WARN_CONSTANT_CONVERSION = YES;
				CLANG_WARN_DIRECT_OBJC_ISA_USAGE = YES_ERROR;
				CLANG_WARN_EMPTY_BODY = YES;
				CLANG_WARN_ENUM_CONVERSION = YES;
				CLANG_WARN_INT_CONVERSION = YES;
				CLANG_WARN_OBJC_ROOT_CLASS = YES_ERROR;
				CLANG_WARN__DUPLICATE_METHOD_MATCH = YES;
				"CODE_SIGN_IDENTITY[sdk=iphoneos*]" = "iPhone Developer";
				COPY_PHASE_STRIP = NO;
				GCC_C_LANGUAGE_STANDARD = gnu99;
				GCC_DYNAMIC_NO_PIC = NO;
				GCC_OPTIMIZATION_LEVEL = 0;
				GCC_PREPROCESSOR_DEFINITIONS = (
					"DEBUG=1",
					"$(inherited)",
				);
				GCC_SYMBOLS_PRIVATE_EXTERN = NO;
				GCC_WARN_64_TO_32_BIT_CONVERSION = YES;
				GCC_WARN_ABOUT_RETURN_TYPE = YES_ERROR;
				GCC_WARN_UNDECLARED_SELECTOR = YES;
				GCC_WARN_UNINITIALIZED_AUTOS = YES;
				GCC_WARN_UNUSED_FUNCTION = YES;
				GCC_WARN_UNUSED_VARIABLE = YES;
				IPHONEOS_DEPLOYMENT_TARGET = 7.0;
				ONLY_ACTIVE_ARCH = YES;
				SDKROOT = iphoneos;
				TARGETED_DEVICE_FAMILY = "1,2";
			};
			name = Debug;
		};
		8BD1F5D218D1168C00C76610 /* Release */ = {
			isa = XCBuildConfiguration;
			buildSettings = {
				ALWAYS_SEARCH_USER_PATHS = NO;
				ARCHS = "$(ARCHS_STANDARD_INCLUDING_64_BIT)";
				CLANG_CXX_LANGUAGE_STANDARD = "gnu++0x";
				CLANG_CXX_LIBRARY = "libc++";
				CLANG_ENABLE_MODULES = YES;
				CLANG_ENABLE_OBJC_ARC = YES;
				CLANG_WARN_BOOL_CONVERSION = YES;
				CLANG_WARN_CONSTANT_CONVERSION = YES;
				CLANG_WARN_DIRECT_OBJC_ISA_USAGE = YES_ERROR;
				CLANG_WARN_EMPTY_BODY = YES;
				CLANG_WARN_ENUM_CONVERSION = YES;
				CLANG_WARN_INT_CONVERSION = YES;
				CLANG_WARN_OBJC_ROOT_CLASS = YES_ERROR;
				CLANG_WARN__DUPLICATE_METHOD_MATCH = YES;
				"CODE_SIGN_IDENTITY[sdk=iphoneos*]" = "iPhone Developer";
				COPY_PHASE_STRIP = YES;
				ENABLE_NS_ASSERTIONS = NO;
				GCC_C_LANGUAGE_STANDARD = gnu99;
				GCC_WARN_64_TO_32_BIT_CONVERSION = YES;
				GCC_WARN_ABOUT_RETURN_TYPE = YES_ERROR;
				GCC_WARN_UNDECLARED_SELECTOR = YES;
				GCC_WARN_UNINITIALIZED_AUTOS = YES;
				GCC_WARN_UNUSED_FUNCTION = YES;
				GCC_WARN_UNUSED_VARIABLE = YES;
				IPHONEOS_DEPLOYMENT_TARGET = 7.0;
				SDKROOT = iphoneos;
				TARGETED_DEVICE_FAMILY = "1,2";
				VALIDATE_PRODUCT = YES;
			};
			name = Release;
		};
		8BD1F5D418D1168C00C76610 /* Debug */ = {
			isa = XCBuildConfiguration;
			buildSettings = {
				ASSETCATALOG_COMPILER_APPICON_NAME = AppIcon;
				ASSETCATALOG_COMPILER_LAUNCHIMAGE_NAME = LaunchImage;
				GCC_PRECOMPILE_PREFIX_HEADER = YES;
				GCC_PREFIX_HEADER = "api/api-Prefix.pch";
				INFOPLIST_FILE = "api/api-Info.plist";
				PRODUCT_NAME = "$(TARGET_NAME)";
				WRAPPER_EXTENSION = app;
			};
			name = Debug;
		};
		8BD1F5D518D1168C00C76610 /* Release */ = {
			isa = XCBuildConfiguration;
			buildSettings = {
				ASSETCATALOG_COMPILER_APPICON_NAME = AppIcon;
				ASSETCATALOG_COMPILER_LAUNCHIMAGE_NAME = LaunchImage;
				GCC_PRECOMPILE_PREFIX_HEADER = YES;
				GCC_PREFIX_HEADER = "api/api-Prefix.pch";
				INFOPLIST_FILE = "api/api-Info.plist";
				PRODUCT_NAME = "$(TARGET_NAME)";
				WRAPPER_EXTENSION = app;
			};
			name = Release;
		};
		8BD1F5D718D1168C00C76610 /* Debug */ = {
			isa = XCBuildConfiguration;
			buildSettings = {
				ARCHS = "$(ARCHS_STANDARD_INCLUDING_64_BIT)";
				BUNDLE_LOADER = "$(BUILT_PRODUCTS_DIR)/api.app/api";
				FRAMEWORK_SEARCH_PATHS = (
					"$(SDKROOT)/Developer/Library/Frameworks",
					"$(inherited)",
					"$(DEVELOPER_FRAMEWORKS_DIR)",
				);
				GCC_PRECOMPILE_PREFIX_HEADER = YES;
				GCC_PREFIX_HEADER = "api/api-Prefix.pch";
				GCC_PREPROCESSOR_DEFINITIONS = (
					"DEBUG=1",
					"$(inherited)",
				);
				INFOPLIST_FILE = "apiTests/apiTests-Info.plist";
				PRODUCT_NAME = "$(TARGET_NAME)";
				TEST_HOST = "$(BUNDLE_LOADER)";
				WRAPPER_EXTENSION = xctest;
			};
			name = Debug;
		};
		8BD1F5D818D1168C00C76610 /* Release */ = {
			isa = XCBuildConfiguration;
			buildSettings = {
				ARCHS = "$(ARCHS_STANDARD_INCLUDING_64_BIT)";
				BUNDLE_LOADER = "$(BUILT_PRODUCTS_DIR)/api.app/api";
				FRAMEWORK_SEARCH_PATHS = (
					"$(SDKROOT)/Developer/Library/Frameworks",
					"$(inherited)",
					"$(DEVELOPER_FRAMEWORKS_DIR)",
				);
				GCC_PRECOMPILE_PREFIX_HEADER = YES;
				GCC_PREFIX_HEADER = "api/api-Prefix.pch";
				INFOPLIST_FILE = "apiTests/apiTests-Info.plist";
				PRODUCT_NAME = "$(TARGET_NAME)";
				TEST_HOST = "$(BUNDLE_LOADER)";
				WRAPPER_EXTENSION = xctest;
			};
			name = Release;
		};
/* End XCBuildConfiguration section */

/* Begin XCConfigurationList section */
		8BD1F59918D1168B00C76610 /* Build configuration list for PBXProject "api" */ = {
			isa = XCConfigurationList;
			buildConfigurations = (
				8BD1F5D118D1168C00C76610 /* Debug */,
				8BD1F5D218D1168C00C76610 /* Release */,
			);
			defaultConfigurationIsVisible = 0;
			defaultConfigurationName = Release;
		};
		8BD1F5D318D1168C00C76610 /* Build configuration list for PBXNativeTarget "api" */ = {
			isa = XCConfigurationList;
			buildConfigurations = (
				8BD1F5D418D1168C00C76610 /* Debug */,
				8BD1F5D518D1168C00C76610 /* Release */,
			);
			defaultConfigurationIsVisible = 0;
		};
		8BD1F5D618D1168C00C76610 /* Build configuration list for PBXNativeTarget "apiTests" */ = {
			isa = XCConfigurationList;
			buildConfigurations = (
				8BD1F5D718D1168C00C76610 /* Debug */,
				8BD1F5D818D1168C00C76610 /* Release */,
			);
			defaultConfigurationIsVisible = 0;
		};
/* End XCConfigurationList section */
	};
	rootObject = 8BD1F59618D1168B00C76610 /* Project object */;
}
